
Microsoft Visual Studio Solution File, Format Version 12.00
# Visual Studio Version 17
VisualStudioVersion = 17.4.33213.308
MinimumVisualStudioVersion = 10.0.40219.1
Project("{FAE04EC0-301F-11D3-BF4B-00C04F79EFBC}") = "API", "API\API.csproj", "{4D69D29C-726F-45C0-BD5C-0242790ADFA6}"
EndProject
Project("{2150E333-8FDC-42A3-9474-1A3956D46DE8}") = "Solution Items", "Solution Items", "{7F4076A3-D1EC-45D9-9936-8C3886912D33}"
	ProjectSection(SolutionItems) = preProject
		.editorconfig = .editorconfig
	EndProjectSection
EndProject
Global
	GlobalSection(SolutionConfigurationPlatforms) = preSolution
		Debug|Any CPU = Debug|Any CPU
		Release|Any CPU = Release|Any CPU
	EndGlobalSection
	GlobalSection(ProjectConfigurationPlatforms) = postSolution
		{4D69D29C-726F-45C0-BD5C-0242790ADFA6}.Debug|Any CPU.ActiveCfg = Debug|Any CPU
		{4D69D29C-726F-45C0-BD5C-0242790ADFA6}.Debug|Any CPU.Build.0 = Debug|Any CPU
		{4D69D29C-726F-45C0-BD5C-0242790ADFA6}.Release|Any CPU.ActiveCfg = Release|Any CPU
		{4D69D29C-726F-45C0-BD5C-0242790ADFA6}.Release|Any CPU.Build.0 = Release|Any CPU
	EndGlobalSection
	GlobalSection(SolutionProperties) = preSolution
		HideSolutionNode = FALSE
	EndGlobalSection
	GlobalSection(ExtensibilityGlobals) = postSolution
		SolutionGuid = {40F7A497-41D1-460C-9EF2-204A1BC3A8CD}
	EndGlobalSection
EndGlobal
